
Microsoft Visual Studio Solution File, Format Version 12.00
# Visual Studio Version 17
VisualStudioVersion = 17.6.33829.357
MinimumVisualStudioVersion = 10.0.40219.1
Project("{9A19103F-16F7-4668-BE54-9A1E7A4F7556}") = "EmployeeWebApi", "EmployeeWebApi.csproj", "{56E568DB-A7D6-438F-9C73-BC9FAB11A34A}"
EndProject
Project("{FAE04EC0-301F-11D3-BF4B-00C04F79EFBC}") = "BusinessLayer", "..\BusinessLayer\BusinessLayer.csproj", "{C36338ED-2085-4F46-9C38-D551A1158FF9}"
EndProject
Project("{FAE04EC0-301F-11D3-BF4B-00C04F79EFBC}") = "DataLayer", "..\DataLayer\DataLayer.csproj", "{DE070E56-0CDD-4AD7-9B60-344281DDE9AA}"
EndProject
Global
	GlobalSection(SolutionConfigurationPlatforms) = preSolution
		Debug|Any CPU = Debug|Any CPU
		Release|Any CPU = Release|Any CPU
	EndGlobalSection
	GlobalSection(ProjectConfigurationPlatforms) = postSolution
		{56E568DB-A7D6-438F-9C73-BC9FAB11A34A}.Debug|Any CPU.ActiveCfg = Debug|Any CPU
		{56E568DB-A7D6-438F-9C73-BC9FAB11A34A}.Debug|Any CPU.Build.0 = Debug|Any CPU
		{56E568DB-A7D6-438F-9C73-BC9FAB11A34A}.Release|Any CPU.ActiveCfg = Release|Any CPU
		{56E568DB-A7D6-438F-9C73-BC9FAB11A34A}.Release|Any CPU.Build.0 = Release|Any CPU
		{C36338ED-2085-4F46-9C38-D551A1158FF9}.Debug|Any CPU.ActiveCfg = Debug|Any CPU
		{C36338ED-2085-4F46-9C38-D551A1158FF9}.Debug|Any CPU.Build.0 = Debug|Any CPU
		{C36338ED-2085-4F46-9C38-D551A1158FF9}.Release|Any CPU.ActiveCfg = Release|Any CPU
		{C36338ED-2085-4F46-9C38-D551A1158FF9}.Release|Any CPU.Build.0 = Release|Any CPU
		{DE070E56-0CDD-4AD7-9B60-344281DDE9AA}.Debug|Any CPU.ActiveCfg = Debug|Any CPU
		{DE070E56-0CDD-4AD7-9B60-344281DDE9AA}.Debug|Any CPU.Build.0 = Debug|Any CPU
		{DE070E56-0CDD-4AD7-9B60-344281DDE9AA}.Release|Any CPU.ActiveCfg = Release|Any CPU
		{DE070E56-0CDD-4AD7-9B60-344281DDE9AA}.Release|Any CPU.Build.0 = Release|Any CPU
	EndGlobalSection
	GlobalSection(SolutionProperties) = preSolution
		HideSolutionNode = FALSE
	EndGlobalSection
	GlobalSection(ExtensibilityGlobals) = postSolution
		SolutionGuid = {0236C5FB-F47E-4AB3-B27E-44363B075777}
	EndGlobalSection
EndGlobal
